// !$*UTF8*$!
{
	archiveVersion = 1;
	classes = {
	};
	objectVersion = 77;
	objects = {

/* Begin PBXContainerItemProxy section */
		AA01E3042D5E092B00690518 /* PBXContainerItemProxy */ = {
			isa = PBXContainerItemProxy;
			containerPortal = AA01E2EB2D5E092A00690518 /* Project object */;
			proxyType = 1;
			remoteGlobalIDString = AA01E2F22D5E092A00690518;
			remoteInfo = Cosmo;
		};
		AA01E30E2D5E092B00690518 /* PBXContainerItemProxy */ = {
			isa = PBXContainerItemProxy;
			containerPortal = AA01E2EB2D5E092A00690518 /* Project object */;
			proxyType = 1;
			remoteGlobalIDString = AA01E2F22D5E092A00690518;
			remoteInfo = Cosmo;
		};
/* End PBXContainerItemProxy section */

/* Begin PBXFileReference section */
		AA01E2F32D5E092A00690518 /* Cosmo.app */ = {isa = PBXFileReference; explicitFileType = wrapper.application; includeInIndex = 0; path = Cosmo.app; sourceTree = BUILT_PRODUCTS_DIR; };
		AA01E3032D5E092B00690518 /* CosmoTests.xctest */ = {isa = PBXFileReference; explicitFileType = wrapper.cfbundle; includeInIndex = 0; path = CosmoTests.xctest; sourceTree = BUILT_PRODUCTS_DIR; };
		AA01E30D2D5E092B00690518 /* CosmoUITests.xctest */ = {isa = PBXFileReference; explicitFileType = wrapper.cfbundle; includeInIndex = 0; path = CosmoUITests.xctest; sourceTree = BUILT_PRODUCTS_DIR; };
/* End PBXFileReference section */

/* Begin PBXFileSystemSynchronizedBuildFileExceptionSet section */
		AA740D0A2D6290DF002E46A1 /* Exceptions for "Tests" folder in "Cosmo" target */ = {
			isa = PBXFileSystemSynchronizedBuildFileExceptionSet;
			membershipExceptions = (
				CosmoTests/CosmoTests.swift,
				CosmoUITests/CosmoUITests.swift,
				CosmoUITests/CosmoUITestsLaunchTests.swift,
			);
			target = AA01E2F22D5E092A00690518 /* Cosmo */;
		};
		AA740D0B2D6290DF002E46A1 /* Exceptions for "Tests" folder in "CosmoTests" target */ = {
			isa = PBXFileSystemSynchronizedBuildFileExceptionSet;
			membershipExceptions = (
				CosmoTests/CosmoTests.swift,
			);
			target = AA01E3022D5E092B00690518 /* CosmoTests */;
		};
		AA740D0C2D6290DF002E46A1 /* Exceptions for "Tests" folder in "CosmoUITests" target */ = {
			isa = PBXFileSystemSynchronizedBuildFileExceptionSet;
			membershipExceptions = (
				CosmoUITests/CosmoUITests.swift,
				CosmoUITests/CosmoUITestsLaunchTests.swift,
			);
			target = AA01E30C2D5E092B00690518 /* CosmoUITests */;
		};
/* End PBXFileSystemSynchronizedBuildFileExceptionSet section */

/* Begin PBXFileSystemSynchronizedRootGroup section */
		AA01E2F52D5E092A00690518 /* Cosmo */ = {
			isa = PBXFileSystemSynchronizedRootGroup;
			path = Cosmo;
			sourceTree = "<group>";
		};
		AA740D012D6290D3002E46A1 /* Tests */ = {
			isa = PBXFileSystemSynchronizedRootGroup;
			exceptions = (
				AA740D0A2D6290DF002E46A1 /* Exceptions for "Tests" folder in "Cosmo" target */,
				AA740D0B2D6290DF002E46A1 /* Exceptions for "Tests" folder in "CosmoTests" target */,
				AA740D0C2D6290DF002E46A1 /* Exceptions for "Tests" folder in "CosmoUITests" target */,
			);
			path = Tests;
			sourceTree = "<group>";
		};
/* End PBXFileSystemSynchronizedRootGroup section */

/* Begin PBXFrameworksBuildPhase section */
		AA01E2F02D5E092A00690518 /* Frameworks */ = {
			isa = PBXFrameworksBuildPhase;
			buildActionMask = 2147483647;
			files = (
			);
			runOnlyForDeploymentPostprocessing = 0;
		};
		AA01E3002D5E092B00690518 /* Frameworks */ = {
			isa = PBXFrameworksBuildPhase;
			buildActionMask = 2147483647;
			files = (
			);
			runOnlyForDeploymentPostprocessing = 0;
		};
		AA01E30A2D5E092B00690518 /* Frameworks */ = {
			isa = PBXFrameworksBuildPhase;
			buildActionMask = 2147483647;
			files = (
			);
			runOnlyForDeploymentPostprocessing = 0;
		};
/* End PBXFrameworksBuildPhase section */

/* Begin PBXGroup section */
		AA01E2EA2D5E092A00690518 = {
			isa = PBXGroup;
			children = (
				AA01E2F52D5E092A00690518 /* Cosmo */,
				AA01E2F42D5E092A00690518 /* Products */,
				AA740D012D6290D3002E46A1 /* Tests */,
			);
			sourceTree = "<group>";
		};
		AA01E2F42D5E092A00690518 /* Products */ = {
			isa = PBXGroup;
			children = (
				AA01E2F32D5E092A00690518 /* Cosmo.app */,
				AA01E3032D5E092B00690518 /* CosmoTests.xctest */,
				AA01E30D2D5E092B00690518 /* CosmoUITests.xctest */,
			);
			name = Products;
			sourceTree = "<group>";
		};
/* End PBXGroup section */

/* Begin PBXNativeTarget section */
		AA01E2F22D5E092A00690518 /* Cosmo */ = {
			isa = PBXNativeTarget;
			buildConfigurationList = AA01E3172D5E092B00690518 /* Build configuration list for PBXNativeTarget "Cosmo" */;
			buildPhases = (
				AA01E2EF2D5E092A00690518 /* Sources */,
				AA01E2F02D5E092A00690518 /* Frameworks */,
				AA01E2F12D5E092A00690518 /* Resources */,
			);
			buildRules = (
			);
			dependencies = (
			);
			fileSystemSynchronizedGroups = (
				AA01E2F52D5E092A00690518 /* Cosmo */,
				AA740D012D6290D3002E46A1 /* Tests */,
			);
			name = Cosmo;
			packageProductDependencies = (
			);
			productName = Cosmo;
			productReference = AA01E2F32D5E092A00690518 /* Cosmo.app */;
			productType = "com.apple.product-type.application";
		};
		AA01E3022D5E092B00690518 /* CosmoTests */ = {
			isa = PBXNativeTarget;
			buildConfigurationList = AA01E31A2D5E092B00690518 /* Build configuration list for PBXNativeTarget "CosmoTests" */;
			buildPhases = (
				AA01E2FF2D5E092B00690518 /* Sources */,
				AA01E3002D5E092B00690518 /* Frameworks */,
				AA01E3012D5E092B00690518 /* Resources */,
			);
			buildRules = (
			);
			dependencies = (
				AA01E3052D5E092B00690518 /* PBXTargetDependency */,
			);
			name = CosmoTests;
			packageProductDependencies = (
			);
			productName = CosmoTests;
			productReference = AA01E3032D5E092B00690518 /* CosmoTests.xctest */;
			productType = "com.apple.product-type.bundle.unit-test";
		};
		AA01E30C2D5E092B00690518 /* CosmoUITests */ = {
			isa = PBXNativeTarget;
			buildConfigurationList = AA01E31D2D5E092B00690518 /* Build configuration list for PBXNativeTarget "CosmoUITests" */;
			buildPhases = (
				AA01E3092D5E092B00690518 /* Sources */,
				AA01E30A2D5E092B00690518 /* Frameworks */,
				AA01E30B2D5E092B00690518 /* Resources */,
			);
			buildRules = (
			);
			dependencies = (
				AA01E30F2D5E092B00690518 /* PBXTargetDependency */,
			);
			name = CosmoUITests;
			packageProductDependencies = (
			);
			productName = CosmoUITests;
			productReference = AA01E30D2D5E092B00690518 /* CosmoUITests.xctest */;
			productType = "com.apple.product-type.bundle.ui-testing";
		};
/* End PBXNativeTarget section */

/* Begin PBXProject section */
		AA01E2EB2D5E092A00690518 /* Project object */ = {
			isa = PBXProject;
			attributes = {
				BuildIndependentTargetsInParallel = 1;
				LastSwiftUpdateCheck = 1620;
				LastUpgradeCheck = 1620;
				TargetAttributes = {
					AA01E2F22D5E092A00690518 = {
						CreatedOnToolsVersion = 16.2;
					};
					AA01E3022D5E092B00690518 = {
						CreatedOnToolsVersion = 16.2;
						TestTargetID = AA01E2F22D5E092A00690518;
					};
					AA01E30C2D5E092B00690518 = {
						CreatedOnToolsVersion = 16.2;
						TestTargetID = AA01E2F22D5E092A00690518;
					};
				};
			};
			buildConfigurationList = AA01E2EE2D5E092A00690518 /* Build configuration list for PBXProject "Cosmo" */;
			developmentRegion = en;
			hasScannedForEncodings = 0;
			knownRegions = (
				en,
				Base,
			);
			mainGroup = AA01E2EA2D5E092A00690518;
			minimizedProjectReferenceProxies = 1;
			preferredProjectObjectVersion = 77;
			productRefGroup = AA01E2F42D5E092A00690518 /* Products */;
			projectDirPath = "";
			projectRoot = "";
			targets = (
				AA01E2F22D5E092A00690518 /* Cosmo */,
				AA01E3022D5E092B00690518 /* CosmoTests */,
				AA01E30C2D5E092B00690518 /* CosmoUITests */,
			);
		};
/* End PBXProject section */

/* Begin PBXResourcesBuildPhase section */
		AA01E2F12D5E092A00690518 /* Resources */ = {
			isa = PBXResourcesBuildPhase;
			buildActionMask = 2147483647;
			files = (
			);
			runOnlyForDeploymentPostprocessing = 0;
		};
		AA01E3012D5E092B00690518 /* Resources */ = {
			isa = PBXResourcesBuildPhase;
			buildActionMask = 2147483647;
			files = (
			);
			runOnlyForDeploymentPostprocessing = 0;
		};
		AA01E30B2D5E092B00690518 /* Resources */ = {
			isa = PBXResourcesBuildPhase;
			buildActionMask = 2147483647;
			files = (
			);
			runOnlyForDeploymentPostprocessing = 0;
		};
/* End PBXResourcesBuildPhase section */

/* Begin PBXSourcesBuildPhase section */
		AA01E2EF2D5E092A00690518 /* Sources */ = {
			isa = PBXSourcesBuildPhase;
			buildActionMask = 2147483647;
			files = (
			);
			runOnlyForDeploymentPostprocessing = 0;
		};
		AA01E2FF2D5E092B00690518 /* Sources */ = {
			isa = PBXSourcesBuildPhase;
			buildActionMask = 2147483647;
			files = (
			);
			runOnlyForDeploymentPostprocessing = 0;
		};
		AA01E3092D5E092B00690518 /* Sources */ = {
			isa = PBXSourcesBuildPhase;
			buildActionMask = 2147483647;
			files = (
			);
			runOnlyForDeploymentPostprocessing = 0;
		};
/* End PBXSourcesBuildPhase section */

/* Begin PBXTargetDependency section */
		AA01E3052D5E092B00690518 /* PBXTargetDependency */ = {
			isa = PBXTargetDependency;
			target = AA01E2F22D5E092A00690518 /* Cosmo */;
			targetProxy = AA01E3042D5E092B00690518 /* PBXContainerItemProxy */;
		};
		AA01E30F2D5E092B00690518 /* PBXTargetDependency */ = {
			isa = PBXTargetDependency;
			target = AA01E2F22D5E092A00690518 /* Cosmo */;
			targetProxy = AA01E30E2D5E092B00690518 /* PBXContainerItemProxy */;
		};
/* End PBXTargetDependency section */

/* Begin XCBuildConfiguration section */
		AA01E3152D5E092B00690518 /* Debug */ = {
			isa = XCBuildConfiguration;
			buildSettings = {
				ALWAYS_SEARCH_USER_PATHS = NO;
				ASSETCATALOG_COMPILER_GENERATE_SWIFT_ASSET_SYMBOL_EXTENSIONS = YES;
				CLANG_ANALYZER_NONNULL = YES;
				CLANG_ANALYZER_NUMBER_OBJECT_CONVERSION = YES_AGGRESSIVE;
				CLANG_CXX_LANGUAGE_STANDARD = "gnu++20";
				CLANG_ENABLE_MODULES = YES;
				CLANG_ENABLE_OBJC_ARC = YES;
				CLANG_ENABLE_OBJC_WEAK = YES;
				CLANG_WARN_BLOCK_CAPTURE_AUTORELEASING = YES;
				CLANG_WARN_BOOL_CONVERSION = YES;
				CLANG_WARN_COMMA = YES;
				CLANG_WARN_CONSTANT_CONVERSION = YES;
				CLANG_WARN_DEPRECATED_OBJC_IMPLEMENTATIONS = YES;
				CLANG_WARN_DIRECT_OBJC_ISA_USAGE = YES_ERROR;
				CLANG_WARN_DOCUMENTATION_COMMENTS = YES;
				CLANG_WARN_EMPTY_BODY = YES;
				CLANG_WARN_ENUM_CONVERSION = YES;
				CLANG_WARN_INFINITE_RECURSION = YES;
				CLANG_WARN_INT_CONVERSION = YES;
				CLANG_WARN_NON_LITERAL_NULL_CONVERSION = YES;
				CLANG_WARN_OBJC_IMPLICIT_RETAIN_SELF = YES;
				CLANG_WARN_OBJC_LITERAL_CONVERSION = YES;
				CLANG_WARN_OBJC_ROOT_CLASS = YES_ERROR;
				CLANG_WARN_QUOTED_INCLUDE_IN_FRAMEWORK_HEADER = YES;
				CLANG_WARN_RANGE_LOOP_ANALYSIS = YES;
				CLANG_WARN_STRICT_PROTOTYPES = YES;
				CLANG_WARN_SUSPICIOUS_MOVE = YES;
				CLANG_WARN_UNGUARDED_AVAILABILITY = YES_AGGRESSIVE;
				CLANG_WARN_UNREACHABLE_CODE = YES;
				CLANG_WARN__DUPLICATE_METHOD_MATCH = YES;
				COPY_PHASE_STRIP = NO;
				DEBUG_INFORMATION_FORMAT = dwarf;
				ENABLE_STRICT_OBJC_MSGSEND = YES;
				ENABLE_TESTABILITY = YES;
				ENABLE_USER_SCRIPT_SANDBOXING = YES;
				GCC_C_LANGUAGE_STANDARD = gnu17;
				GCC_DYNAMIC_NO_PIC = NO;
				GCC_NO_COMMON_BLOCKS = YES;
				GCC_OPTIMIZATION_LEVEL = 0;
				GCC_PREPROCESSOR_DEFINITIONS = (
					"DEBUG=1",
					"$(inherited)",
				);
				GCC_WARN_64_TO_32_BIT_CONVERSION = YES;
				GCC_WARN_ABOUT_RETURN_TYPE = YES_ERROR;
				GCC_WARN_UNDECLARED_SELECTOR = YES;
				GCC_WARN_UNINITIALIZED_AUTOS = YES_AGGRESSIVE;
				GCC_WARN_UNUSED_FUNCTION = YES;
				GCC_WARN_UNUSED_VARIABLE = YES;
				IPHONEOS_DEPLOYMENT_TARGET = 18.2;
				LOCALIZATION_PREFERS_STRING_CATALOGS = YES;
				MTL_ENABLE_DEBUG_INFO = INCLUDE_SOURCE;
				MTL_FAST_MATH = YES;
				ONLY_ACTIVE_ARCH = YES;
				SDKROOT = iphoneos;
				SWIFT_ACTIVE_COMPILATION_CONDITIONS = "DEBUG $(inherited)";
				SWIFT_OPTIMIZATION_LEVEL = "-Onone";
			};
			name = Debug;
		};
		AA01E3162D5E092B00690518 /* Release */ = {
			isa = XCBuildConfiguration;
			buildSettings = {
				ALWAYS_SEARCH_USER_PATHS = NO;
				ASSETCATALOG_COMPILER_GENERATE_SWIFT_ASSET_SYMBOL_EXTENSIONS = YES;
				CLANG_ANALYZER_NONNULL = YES;
				CLANG_ANALYZER_NUMBER_OBJECT_CONVERSION = YES_AGGRESSIVE;
				CLANG_CXX_LANGUAGE_STANDARD = "gnu++20";
				CLANG_ENABLE_MODULES = YES;
				CLANG_ENABLE_OBJC_ARC = YES;
				CLANG_ENABLE_OBJC_WEAK = YES;
				CLANG_WARN_BLOCK_CAPTURE_AUTORELEASING = YES;
				CLANG_WARN_BOOL_CONVERSION = YES;
				CLANG_WARN_COMMA = YES;
				CLANG_WARN_CONSTANT_CONVERSION = YES;
				CLANG_WARN_DEPRECATED_OBJC_IMPLEMENTATIONS = YES;
				CLANG_WARN_DIRECT_OBJC_ISA_USAGE = YES_ERROR;
				CLANG_WARN_DOCUMENTATION_COMMENTS = YES;
				CLANG_WARN_EMPTY_BODY = YES;
				CLANG_WARN_ENUM_CONVERSION = YES;
				CLANG_WARN_INFINITE_RECURSION = YES;
				CLANG_WARN_INT_CONVERSION = YES;
				CLANG_WARN_NON_LITERAL_NULL_CONVERSION = YES;
				CLANG_WARN_OBJC_IMPLICIT_RETAIN_SELF = YES;
				CLANG_WARN_OBJC_LITERAL_CONVERSION = YES;
				CLANG_WARN_OBJC_ROOT_CLASS = YES_ERROR;
				CLANG_WARN_QUOTED_INCLUDE_IN_FRAMEWORK_HEADER = YES;
				CLANG_WARN_RANGE_LOOP_ANALYSIS = YES;
				CLANG_WARN_STRICT_PROTOTYPES = YES;
				CLANG_WARN_SUSPICIOUS_MOVE = YES;
				CLANG_WARN_UNGUARDED_AVAILABILITY = YES_AGGRESSIVE;
				CLANG_WARN_UNREACHABLE_CODE = YES;
				CLANG_WARN__DUPLICATE_METHOD_MATCH = YES;
				COPY_PHASE_STRIP = NO;
				DEBUG_INFORMATION_FORMAT = "dwarf-with-dsym";
				ENABLE_NS_ASSERTIONS = NO;
				ENABLE_STRICT_OBJC_MSGSEND = YES;
				ENABLE_USER_SCRIPT_SANDBOXING = YES;
				GCC_C_LANGUAGE_STANDARD = gnu17;
				GCC_NO_COMMON_BLOCKS = YES;
				GCC_WARN_64_TO_32_BIT_CONVERSION = YES;
				GCC_WARN_ABOUT_RETURN_TYPE = YES_ERROR;
				GCC_WARN_UNDECLARED_SELECTOR = YES;
				GCC_WARN_UNINITIALIZED_AUTOS = YES_AGGRESSIVE;
				GCC_WARN_UNUSED_FUNCTION = YES;
				GCC_WARN_UNUSED_VARIABLE = YES;
				IPHONEOS_DEPLOYMENT_TARGET = 18.2;
				LOCALIZATION_PREFERS_STRING_CATALOGS = YES;
				MTL_ENABLE_DEBUG_INFO = NO;
				MTL_FAST_MATH = YES;
				SDKROOT = iphoneos;
				SWIFT_COMPILATION_MODE = wholemodule;
				VALIDATE_PRODUCT = YES;
			};
			name = Release;
		};
		AA01E3182D5E092B00690518 /* Debug */ = {
			isa = XCBuildConfiguration;
			buildSettings = {
				ASSETCATALOG_COMPILER_APPICON_NAME = AppIcon;
				ASSETCATALOG_COMPILER_GLOBAL_ACCENT_COLOR_NAME = AccentColor;
				CODE_SIGN_STYLE = Automatic;
				CURRENT_PROJECT_VERSION = 1;
				DEVELOPMENT_ASSET_PATHS = "\"Cosmo/Preview Content\"";
				ENABLE_PREVIEWS = YES;
				GENERATE_INFOPLIST_FILE = YES;
				INFOPLIST_KEY_UIApplicationSceneManifest_Generation = YES;
				INFOPLIST_KEY_UIApplicationSupportsIndirectInputEvents = YES;
				INFOPLIST_KEY_UILaunchScreen_Generation = YES;
				INFOPLIST_KEY_UISupportedInterfaceOrientations_iPad = "UIInterfaceOrientationPortrait UIInterfaceOrientationPortraitUpsideDown UIInterfaceOrientationLandscapeLeft UIInterfaceOrientationLandscapeRight";
				INFOPLIST_KEY_UISupportedInterfaceOrientations_iPhone = "UIInterfaceOrientationPortrait UIInterfaceOrientationLandscapeLeft UIInterfaceOrientationLandscapeRight";
				LD_RUNPATH_SEARCH_PATHS = (
					"$(inherited)",
					"@executable_path/Frameworks",
				);
				MARKETING_VERSION = 1.0;
				PRODUCT_BUNDLE_IDENTIFIER = Aditya.Cosmo;
				PRODUCT_NAME = "$(TARGET_NAME)";
				SWIFT_EMIT_LOC_STRINGS = YES;
				SWIFT_VERSION = 5.0;
				TARGETED_DEVICE_FAMILY = "1,2";
			};
			name = Debug;
		};
		AA01E3192D5E092B00690518 /* Release */ = {
			isa = XCBuildConfiguration;
			buildSettings = {
				ASSETCATALOG_COMPILER_APPICON_NAME = AppIcon;
				ASSETCATALOG_COMPILER_GLOBAL_ACCENT_COLOR_NAME = AccentColor;
				CODE_SIGN_STYLE = Automatic;
				CURRENT_PROJECT_VERSION = 1;
				DEVELOPMENT_ASSET_PATHS = "\"Cosmo/Preview Content\"";
				ENABLE_PREVIEWS = YES;
				GENERATE_INFOPLIST_FILE = YES;
				INFOPLIST_KEY_UIApplicationSceneManifest_Generation = YES;
				INFOPLIST_KEY_UIApplicationSupportsIndirectInputEvents = YES;
				INFOPLIST_KEY_UILaunchScreen_Generation = YES;
				INFOPLIST_KEY_UISupportedInterfaceOrientations_iPad = "UIInterfaceOrientationPortrait UIInterfaceOrientationPortraitUpsideDown UIInterfaceOrientationLandscapeLeft UIInterfaceOrientationLandscapeRight";
				INFOPLIST_KEY_UISupportedInterfaceOrientations_iPhone = "UIInterfaceOrientationPortrait UIInterfaceOrientationLandscapeLeft UIInterfaceOrientationLandscapeRight";
				LD_RUNPATH_SEARCH_PATHS = (
					"$(inherited)",
					"@executable_path/Frameworks",
				);
				MARKETING_VERSION = 1.0;
				PRODUCT_BUNDLE_IDENTIFIER = Aditya.Cosmo;
				PRODUCT_NAME = "$(TARGET_NAME)";
				SWIFT_EMIT_LOC_STRINGS = YES;
				SWIFT_VERSION = 5.0;
				TARGETED_DEVICE_FAMILY = "1,2";
			};
			name = Release;
		};
		AA01E31B2D5E092B00690518 /* Debug */ = {
			isa = XCBuildConfiguration;
			buildSettings = {
				BUNDLE_LOADER = "$(TEST_HOST)";
				CODE_SIGN_STYLE = Automatic;
				CURRENT_PROJECT_VERSION = 1;
				GENERATE_INFOPLIST_FILE = YES;
				IPHONEOS_DEPLOYMENT_TARGET = 18.2;
				MARKETING_VERSION = 1.0;
				PRODUCT_BUNDLE_IDENTIFIER = Aditya.CosmoTests;
				PRODUCT_NAME = "$(TARGET_NAME)";
				SWIFT_EMIT_LOC_STRINGS = NO;
				SWIFT_VERSION = 5.0;
				TARGETED_DEVICE_FAMILY = "1,2";
				TEST_HOST = "$(BUILT_PRODUCTS_DIR)/Cosmo.app/$(BUNDLE_EXECUTABLE_FOLDER_PATH)/Cosmo";
			};
			name = Debug;
		};
		AA01E31C2D5E092B00690518 /* Release */ = {
			isa = XCBuildConfiguration;
			buildSettings = {
				BUNDLE_LOADER = "$(TEST_HOST)";
				CODE_SIGN_STYLE = Automatic;
				CURRENT_PROJECT_VERSION = 1;
				GENERATE_INFOPLIST_FILE = YES;
				IPHONEOS_DEPLOYMENT_TARGET = 18.2;
				MARKETING_VERSION = 1.0;
				PRODUCT_BUNDLE_IDENTIFIER = Aditya.CosmoTests;
				PRODUCT_NAME = "$(TARGET_NAME)";
				SWIFT_EMIT_LOC_STRINGS = NO;
				SWIFT_VERSION = 5.0;
				TARGETED_DEVICE_FAMILY = "1,2";
				TEST_HOST = "$(BUILT_PRODUCTS_DIR)/Cosmo.app/$(BUNDLE_EXECUTABLE_FOLDER_PATH)/Cosmo";
			};
			name = Release;
		};
		AA01E31E2D5E092B00690518 /* Debug */ = {
			isa = XCBuildConfiguration;
			buildSettings = {
				CODE_SIGN_STYLE = Automatic;
				CURRENT_PROJECT_VERSION = 1;
				GENERATE_INFOPLIST_FILE = YES;
				MARKETING_VERSION = 1.0;
				PRODUCT_BUNDLE_IDENTIFIER = Aditya.CosmoUITests;
				PRODUCT_NAME = "$(TARGET_NAME)";
				SWIFT_EMIT_LOC_STRINGS = NO;
				SWIFT_VERSION = 5.0;
				TARGETED_DEVICE_FAMILY = "1,2";
				TEST_TARGET_NAME = Cosmo;
			};
			name = Debug;
		};
		AA01E31F2D5E092B00690518 /* Release */ = {
			isa = XCBuildConfiguration;
			buildSettings = {
				CODE_SIGN_STYLE = Automatic;
				CURRENT_PROJECT_VERSION = 1;
				GENERATE_INFOPLIST_FILE = YES;
				MARKETING_VERSION = 1.0;
				PRODUCT_BUNDLE_IDENTIFIER = Aditya.CosmoUITests;
				PRODUCT_NAME = "$(TARGET_NAME)";
				SWIFT_EMIT_LOC_STRINGS = NO;
				SWIFT_VERSION = 5.0;
				TARGETED_DEVICE_FAMILY = "1,2";
				TEST_TARGET_NAME = Cosmo;
			};
			name = Release;
		};
/* End XCBuildConfiguration section */

/* Begin XCConfigurationList section */
		AA01E2EE2D5E092A00690518 /* Build configuration list for PBXProject "Cosmo" */ = {
			isa = XCConfigurationList;
			buildConfigurations = (
				AA01E3152D5E092B00690518 /* Debug */,
				AA01E3162D5E092B00690518 /* Release */,
			);
			defaultConfigurationIsVisible = 0;
			defaultConfigurationName = Release;
		};
		AA01E3172D5E092B00690518 /* Build configuration list for PBXNativeTarget "Cosmo" */ = {
			isa = XCConfigurationList;
			buildConfigurations = (
				AA01E3182D5E092B00690518 /* Debug */,
				AA01E3192D5E092B00690518 /* Release */,
			);
			defaultConfigurationIsVisible = 0;
			defaultConfigurationName = Release;
		};
		AA01E31A2D5E092B00690518 /* Build configuration list for PBXNativeTarget "CosmoTests" */ = {
			isa = XCConfigurationList;
			buildConfigurations = (
				AA01E31B2D5E092B00690518 /* Debug */,
				AA01E31C2D5E092B00690518 /* Release */,
			);
			defaultConfigurationIsVisible = 0;
			defaultConfigurationName = Release;
		};
		AA01E31D2D5E092B00690518 /* Build configuration list for PBXNativeTarget "CosmoUITests" */ = {
			isa = XCConfigurationList;
			buildConfigurations = (
				AA01E31E2D5E092B00690518 /* Debug */,
				AA01E31F2D5E092B00690518 /* Release */,
			);
			defaultConfigurationIsVisible = 0;
			defaultConfigurationName = Release;
		};
/* End XCConfigurationList section */
	};
	rootObject = AA01E2EB2D5E092A00690518 /* Project object */;
}
